
Microsoft Visual Studio Solution File, Format Version 12.00
# Visual Studio Version 17
VisualStudioVersion = 17.2.32516.85
MinimumVisualStudioVersion = 10.0.40219.1
Project("{FAE04EC0-301F-11D3-BF4B-00C04F79EFBC}") = "shopMVC_EF", "shopMVC_EF.csproj", "{BBECB848-C01F-4993-B0CD-5D5D43086124}"
EndProject
Global
	GlobalSection(SolutionConfigurationPlatforms) = preSolution
		Debug|Any CPU = Debug|Any CPU
		Release|Any CPU = Release|Any CPU
	EndGlobalSection
	GlobalSection(ProjectConfigurationPlatforms) = postSolution
		{BBECB848-C01F-4993-B0CD-5D5D43086124}.Debug|Any CPU.ActiveCfg = Debug|Any CPU
		{BBECB848-C01F-4993-B0CD-5D5D43086124}.Debug|Any CPU.Build.0 = Debug|Any CPU
		{BBECB848-C01F-4993-B0CD-5D5D43086124}.Release|Any CPU.ActiveCfg = Release|Any CPU
		{BBECB848-C01F-4993-B0CD-5D5D43086124}.Release|Any CPU.Build.0 = Release|Any CPU
	EndGlobalSection
	GlobalSection(SolutionProperties) = preSolution
		HideSolutionNode = FALSE
	EndGlobalSection
	GlobalSection(ExtensibilityGlobals) = postSolution
		SolutionGuid = {96D439B7-D666-4889-A2B9-50F3AF488B3D}
	EndGlobalSection
EndGlobal
