
Microsoft Visual Studio Solution File, Format Version 12.00
# Visual Studio Version 17
VisualStudioVersion = 17.2.32516.85
MinimumVisualStudioVersion = 10.0.40219.1
Project("{FAE04EC0-301F-11D3-BF4B-00C04F79EFBC}") = "bankingAPI", "bankingAPI.csproj", "{56E6CF1F-64AB-4202-B085-0601AACCE78C}"
EndProject
Global
	GlobalSection(SolutionConfigurationPlatforms) = preSolution
		Debug|Any CPU = Debug|Any CPU
		Release|Any CPU = Release|Any CPU
	EndGlobalSection
	GlobalSection(ProjectConfigurationPlatforms) = postSolution
		{56E6CF1F-64AB-4202-B085-0601AACCE78C}.Debug|Any CPU.ActiveCfg = Debug|Any CPU
		{56E6CF1F-64AB-4202-B085-0601AACCE78C}.Debug|Any CPU.Build.0 = Debug|Any CPU
		{56E6CF1F-64AB-4202-B085-0601AACCE78C}.Release|Any CPU.ActiveCfg = Release|Any CPU
		{56E6CF1F-64AB-4202-B085-0601AACCE78C}.Release|Any CPU.Build.0 = Release|Any CPU
	EndGlobalSection
	GlobalSection(SolutionProperties) = preSolution
		HideSolutionNode = FALSE
	EndGlobalSection
	GlobalSection(ExtensibilityGlobals) = postSolution
		SolutionGuid = {308A0343-7A6D-455E-8630-28C0B7FEFA9B}
	EndGlobalSection
EndGlobal
