
Microsoft Visual Studio Solution File, Format Version 12.00
# Visual Studio Version 17
VisualStudioVersion = 17.2.32516.85
MinimumVisualStudioVersion = 10.0.40219.1
Project("{FAE04EC0-301F-11D3-BF4B-00C04F79EFBC}") = "MVC_Shop", "MVC_Shop.csproj", "{09ADF3D4-A2EA-4D1D-96FB-DA615BD589B8}"
EndProject
Global
	GlobalSection(SolutionConfigurationPlatforms) = preSolution
		Debug|Any CPU = Debug|Any CPU
		Release|Any CPU = Release|Any CPU
	EndGlobalSection
	GlobalSection(ProjectConfigurationPlatforms) = postSolution
		{09ADF3D4-A2EA-4D1D-96FB-DA615BD589B8}.Debug|Any CPU.ActiveCfg = Debug|Any CPU
		{09ADF3D4-A2EA-4D1D-96FB-DA615BD589B8}.Debug|Any CPU.Build.0 = Debug|Any CPU
		{09ADF3D4-A2EA-4D1D-96FB-DA615BD589B8}.Release|Any CPU.ActiveCfg = Release|Any CPU
		{09ADF3D4-A2EA-4D1D-96FB-DA615BD589B8}.Release|Any CPU.Build.0 = Release|Any CPU
	EndGlobalSection
	GlobalSection(SolutionProperties) = preSolution
		HideSolutionNode = FALSE
	EndGlobalSection
	GlobalSection(ExtensibilityGlobals) = postSolution
		SolutionGuid = {2C14DB41-21B7-42F0-9B66-C9FCE9F176D3}
	EndGlobalSection
EndGlobal
