
Microsoft Visual Studio Solution File, Format Version 12.00
# Visual Studio Version 17
VisualStudioVersion = 17.2.32516.85
MinimumVisualStudioVersion = 10.0.40219.1
Project("{FAE04EC0-301F-11D3-BF4B-00C04F79EFBC}") = "shoppingAPP_2", "shoppingAPP_2.csproj", "{F6189CCE-56B2-4366-8E49-7B4E054F39B1}"
EndProject
Global
	GlobalSection(SolutionConfigurationPlatforms) = preSolution
		Debug|Any CPU = Debug|Any CPU
		Release|Any CPU = Release|Any CPU
	EndGlobalSection
	GlobalSection(ProjectConfigurationPlatforms) = postSolution
		{F6189CCE-56B2-4366-8E49-7B4E054F39B1}.Debug|Any CPU.ActiveCfg = Debug|Any CPU
		{F6189CCE-56B2-4366-8E49-7B4E054F39B1}.Debug|Any CPU.Build.0 = Debug|Any CPU
		{F6189CCE-56B2-4366-8E49-7B4E054F39B1}.Release|Any CPU.ActiveCfg = Release|Any CPU
		{F6189CCE-56B2-4366-8E49-7B4E054F39B1}.Release|Any CPU.Build.0 = Release|Any CPU
	EndGlobalSection
	GlobalSection(SolutionProperties) = preSolution
		HideSolutionNode = FALSE
	EndGlobalSection
	GlobalSection(ExtensibilityGlobals) = postSolution
		SolutionGuid = {34982477-EEA4-44BF-A20C-AEFA7B390ABA}
	EndGlobalSection
EndGlobal
